
Microsoft Visual Studio Solution File, Format Version 12.00
# Visual Studio Version 16
VisualStudioVersion = 16.0.32106.194
MinimumVisualStudioVersion = 10.0.40219.1
Project("{FAE04EC0-301F-11D3-BF4B-00C04F79EFBC}") = "Singularity_Test", "Singularity_Test.csproj", "{39DAC688-5BDE-4921-9E08-47EA1BDF47F7}"
EndProject
Global
	GlobalSection(SolutionConfigurationPlatforms) = preSolution
		Debug|Any CPU = Debug|Any CPU
		Release|Any CPU = Release|Any CPU
	EndGlobalSection
	GlobalSection(ProjectConfigurationPlatforms) = postSolution
		{39DAC688-5BDE-4921-9E08-47EA1BDF47F7}.Debug|Any CPU.ActiveCfg = Debug|Any CPU
		{39DAC688-5BDE-4921-9E08-47EA1BDF47F7}.Debug|Any CPU.Build.0 = Debug|Any CPU
		{39DAC688-5BDE-4921-9E08-47EA1BDF47F7}.Release|Any CPU.ActiveCfg = Release|Any CPU
		{39DAC688-5BDE-4921-9E08-47EA1BDF47F7}.Release|Any CPU.Build.0 = Release|Any CPU
	EndGlobalSection
	GlobalSection(SolutionProperties) = preSolution
		HideSolutionNode = FALSE
	EndGlobalSection
	GlobalSection(ExtensibilityGlobals) = postSolution
		SolutionGuid = {85B4DB58-3C9C-42D2-8CF1-457C01567295}
	EndGlobalSection
EndGlobal
